PODS:
  - MobileVLCKit (3.1.4)

DEPENDENCIES:
  - MobileVLCKit (~> 3.1.4)

SPEC REPOS:
  https://github.com/cocoapods/specs.git:
    - MobileVLCKit

SPEC CHECKSUMS:
  MobileVLCKit: 34e17d0148c7a1af90c68c10b17b0707dc980d78

PODFILE CHECKSUM: 252469c8737ce6795f05a9c3071af4ede75f143e

COCOAPODS: 1.5.3
